
Microsoft Visual Studio Solution File, Format Version 12.00
# Visual Studio Version 17
VisualStudioVersion = 17.12.35707.178 d17.12
MinimumVisualStudioVersion = 10.0.40219.1
Project("{F184B08F-C81C-45F6-A57F-5ABD9991F28F}") = "Personal Information ASP", "Personal Information ASP.vbproj", "{AA7B07FF-A6DD-45D2-8EFD-2417711057BA}"
EndProject
Global
	GlobalSection(SolutionConfigurationPlatforms) = preSolution
		Debug|Any CPU = Debug|Any CPU
		Release|Any CPU = Release|Any CPU
	EndGlobalSection
	GlobalSection(ProjectConfigurationPlatforms) = postSolution
		{AA7B07FF-A6DD-45D2-8EFD-2417711057BA}.Debug|Any CPU.ActiveCfg = Debug|Any CPU
		{AA7B07FF-A6DD-45D2-8EFD-2417711057BA}.Debug|Any CPU.Build.0 = Debug|Any CPU
		{AA7B07FF-A6DD-45D2-8EFD-2417711057BA}.Release|Any CPU.ActiveCfg = Release|Any CPU
		{AA7B07FF-A6DD-45D2-8EFD-2417711057BA}.Release|Any CPU.Build.0 = Release|Any CPU
	EndGlobalSection
	GlobalSection(SolutionProperties) = preSolution
		HideSolutionNode = FALSE
	EndGlobalSection
EndGlobal
